
Microsoft Visual Studio Solution File, Format Version 12.00
# Visual Studio Version 17
VisualStudioVersion = 17.5.002.0
MinimumVisualStudioVersion = 10.0.40219.1
Project("{9A19103F-16F7-4668-BE54-9A1E7A4F7556}") = "Task1", "Task1.csproj", "{3876E4B9-1645-43F4-B6A1-EEB12CFA9C83}"
EndProject
Global
	GlobalSection(SolutionConfigurationPlatforms) = preSolution
		Debug|Any CPU = Debug|Any CPU
		Release|Any CPU = Release|Any CPU
	EndGlobalSection
	GlobalSection(ProjectConfigurationPlatforms) = postSolution
		{3876E4B9-1645-43F4-B6A1-EEB12CFA9C83}.Debug|Any CPU.ActiveCfg = Debug|Any CPU
		{3876E4B9-1645-43F4-B6A1-EEB12CFA9C83}.Debug|Any CPU.Build.0 = Debug|Any CPU
		{3876E4B9-1645-43F4-B6A1-EEB12CFA9C83}.Release|Any CPU.ActiveCfg = Release|Any CPU
		{3876E4B9-1645-43F4-B6A1-EEB12CFA9C83}.Release|Any CPU.Build.0 = Release|Any CPU
	EndGlobalSection
	GlobalSection(SolutionProperties) = preSolution
		HideSolutionNode = FALSE
	EndGlobalSection
	GlobalSection(ExtensibilityGlobals) = postSolution
		SolutionGuid = {74320BCA-790B-414C-882E-BF8B6F6A27A6}
	EndGlobalSection
EndGlobal
